
Microsoft Visual Studio Solution File, Format Version 12.00
Project("{FAE04EC0-301F-11D3-BF4B-00C04F79EFBC}") = "WebAPI", "WebAPI\WebAPI.csproj", "{AEA95C86-9ADF-4C35-BB15-89CCC903F2A2}"
EndProject
Project("{FAE04EC0-301F-11D3-BF4B-00C04F79EFBC}") = "BizShared", "BizShared\BizShared.csproj", "{E2A956EE-5F02-4A9D-8E8C-83E944E6A456}"
EndProject
Project("{FAE04EC0-301F-11D3-BF4B-00C04F79EFBC}") = "CoreService", "CoreService\CoreService.csproj", "{BB599D98-6F39-4E62-A96B-CD954D550C22}"
EndProject
Project("{FAE04EC0-301F-11D3-BF4B-00C04F79EFBC}") = "CommonDal", "CommonDal\CommonDal.csproj", "{88B1CB79-C5C8-44D9-BB2F-414F515ECD35}"
EndProject
Project("{2150E333-8FDC-42A3-9474-1A3956D46DE8}") = "Biz", "Biz", "{D28940CF-4A25-4213-8DBB-F551BC0E1554}"
EndProject
Project("{2150E333-8FDC-42A3-9474-1A3956D46DE8}") = "Web", "Web", "{1BDDA95C-27C3-4695-BBF7-C14FC22C2C69}"
EndProject
Project("{2150E333-8FDC-42A3-9474-1A3956D46DE8}") = "Common", "Common", "{680F2E18-44A4-4A05-A50F-8C3447F530A8}"
EndProject
Project("{2150E333-8FDC-42A3-9474-1A3956D46DE8}") = "Core", "Core", "{A59BA063-D7B1-415D-9354-2EF753BE4706}"
EndProject
Project("{FAE04EC0-301F-11D3-BF4B-00C04F79EFBC}") = "CommonServiceFacade", "CommonServiceFacade\CommonServiceFacade.csproj", "{ACA5ADAB-8E3F-4DBD-A9B2-4FBF1AC2F923}"
EndProject
Project("{FAE04EC0-301F-11D3-BF4B-00C04F79EFBC}") = "CoreModel", "CoreModel\CoreModel.csproj", "{6DCC4F92-4509-4E83-AEEC-630DBDB7A4DC}"
EndProject
Global
	GlobalSection(SolutionConfigurationPlatforms) = preSolution
		Debug|Any CPU = Debug|Any CPU
		Release|Any CPU = Release|Any CPU
	EndGlobalSection
	GlobalSection(ProjectConfigurationPlatforms) = postSolution
		{AEA95C86-9ADF-4C35-BB15-89CCC903F2A2}.Debug|Any CPU.ActiveCfg = Debug|Any CPU
		{AEA95C86-9ADF-4C35-BB15-89CCC903F2A2}.Debug|Any CPU.Build.0 = Debug|Any CPU
		{AEA95C86-9ADF-4C35-BB15-89CCC903F2A2}.Release|Any CPU.ActiveCfg = Release|Any CPU
		{AEA95C86-9ADF-4C35-BB15-89CCC903F2A2}.Release|Any CPU.Build.0 = Release|Any CPU
		{E2A956EE-5F02-4A9D-8E8C-83E944E6A456}.Debug|Any CPU.ActiveCfg = Debug|Any CPU
		{E2A956EE-5F02-4A9D-8E8C-83E944E6A456}.Debug|Any CPU.Build.0 = Debug|Any CPU
		{E2A956EE-5F02-4A9D-8E8C-83E944E6A456}.Release|Any CPU.ActiveCfg = Release|Any CPU
		{E2A956EE-5F02-4A9D-8E8C-83E944E6A456}.Release|Any CPU.Build.0 = Release|Any CPU
		{BB599D98-6F39-4E62-A96B-CD954D550C22}.Debug|Any CPU.ActiveCfg = Debug|Any CPU
		{BB599D98-6F39-4E62-A96B-CD954D550C22}.Debug|Any CPU.Build.0 = Debug|Any CPU
		{BB599D98-6F39-4E62-A96B-CD954D550C22}.Release|Any CPU.ActiveCfg = Release|Any CPU
		{BB599D98-6F39-4E62-A96B-CD954D550C22}.Release|Any CPU.Build.0 = Release|Any CPU
		{88B1CB79-C5C8-44D9-BB2F-414F515ECD35}.Debug|Any CPU.ActiveCfg = Debug|Any CPU
		{88B1CB79-C5C8-44D9-BB2F-414F515ECD35}.Debug|Any CPU.Build.0 = Debug|Any CPU
		{88B1CB79-C5C8-44D9-BB2F-414F515ECD35}.Release|Any CPU.ActiveCfg = Release|Any CPU
		{88B1CB79-C5C8-44D9-BB2F-414F515ECD35}.Release|Any CPU.Build.0 = Release|Any CPU
		{ACA5ADAB-8E3F-4DBD-A9B2-4FBF1AC2F923}.Debug|Any CPU.ActiveCfg = Debug|Any CPU
		{ACA5ADAB-8E3F-4DBD-A9B2-4FBF1AC2F923}.Debug|Any CPU.Build.0 = Debug|Any CPU
		{ACA5ADAB-8E3F-4DBD-A9B2-4FBF1AC2F923}.Release|Any CPU.ActiveCfg = Release|Any CPU
		{ACA5ADAB-8E3F-4DBD-A9B2-4FBF1AC2F923}.Release|Any CPU.Build.0 = Release|Any CPU
		{6DCC4F92-4509-4E83-AEEC-630DBDB7A4DC}.Debug|Any CPU.ActiveCfg = Debug|Any CPU
		{6DCC4F92-4509-4E83-AEEC-630DBDB7A4DC}.Debug|Any CPU.Build.0 = Debug|Any CPU
		{6DCC4F92-4509-4E83-AEEC-630DBDB7A4DC}.Release|Any CPU.ActiveCfg = Release|Any CPU
		{6DCC4F92-4509-4E83-AEEC-630DBDB7A4DC}.Release|Any CPU.Build.0 = Release|Any CPU
	EndGlobalSection
	GlobalSection(NestedProjects) = preSolution
		{E2A956EE-5F02-4A9D-8E8C-83E944E6A456} = {D28940CF-4A25-4213-8DBB-F551BC0E1554}
		{AEA95C86-9ADF-4C35-BB15-89CCC903F2A2} = {1BDDA95C-27C3-4695-BBF7-C14FC22C2C69}
		{88B1CB79-C5C8-44D9-BB2F-414F515ECD35} = {680F2E18-44A4-4A05-A50F-8C3447F530A8}
		{BB599D98-6F39-4E62-A96B-CD954D550C22} = {A59BA063-D7B1-415D-9354-2EF753BE4706}
		{ACA5ADAB-8E3F-4DBD-A9B2-4FBF1AC2F923} = {680F2E18-44A4-4A05-A50F-8C3447F530A8}
		{6DCC4F92-4509-4E83-AEEC-630DBDB7A4DC} = {A59BA063-D7B1-415D-9354-2EF753BE4706}
	EndGlobalSection
EndGlobal
